Microsoft Visual Studio Solution File, Format Version 11.00
# Visual Studio 2010
Project("{FAE04EC0-301F-11D3-BF4B-00C04F79EFBC}") = "FubuMVC.ContentExtensions", "FubuMVC.ContentExtensions\FubuMVC.ContentExtensions.csproj", "{88F4A33C-403E-425A-8B83-4D0C9E79770E}"
EndProject
Project("{FAE04EC0-301F-11D3-BF4B-00C04F79EFBC}") = "FubuMVC.ContentExtensions.Tests", "FubuMVC.ContentExtensions.Tests\FubuMVC.ContentExtensions.Tests.csproj", "{B147AE76-7811-473B-A754-2C2C83497ABA}"
EndProject
Project("{FAE04EC0-301F-11D3-BF4B-00C04F79EFBC}") = "FubuMVC.ContentExtensions.Docs", "FubuMVC.ContentExtensions.Docs\FubuMVC.ContentExtensions.Docs.csproj", "{9082D978-9446-40D9-87B5-B8C16B11D233}"
EndProject
Global
	GlobalSection(SolutionConfigurationPlatforms) = preSolution
		Debug|Any CPU = Debug|Any CPU
		Release|Any CPU = Release|Any CPU
	EndGlobalSection
	GlobalSection(ProjectConfigurationPlatforms) = postSolution
		{88F4A33C-403E-425A-8B83-4D0C9E79770E}.Debug|Any CPU.ActiveCfg = Debug|Any CPU
		{88F4A33C-403E-425A-8B83-4D0C9E79770E}.Debug|Any CPU.Build.0 = Debug|Any CPU
		{88F4A33C-403E-425A-8B83-4D0C9E79770E}.Release|Any CPU.ActiveCfg = Release|Any CPU
		{88F4A33C-403E-425A-8B83-4D0C9E79770E}.Release|Any CPU.Build.0 = Release|Any CPU
		{B147AE76-7811-473B-A754-2C2C83497ABA}.Debug|Any CPU.ActiveCfg = Debug|Any CPU
		{B147AE76-7811-473B-A754-2C2C83497ABA}.Debug|Any CPU.Build.0 = Debug|Any CPU
		{B147AE76-7811-473B-A754-2C2C83497ABA}.Release|Any CPU.ActiveCfg = Release|Any CPU
		{B147AE76-7811-473B-A754-2C2C83497ABA}.Release|Any CPU.Build.0 = Release|Any CPU
		{9082D978-9446-40D9-87B5-B8C16B11D233}.Debug|Any CPU.ActiveCfg = Debug|Any CPU
		{9082D978-9446-40D9-87B5-B8C16B11D233}.Debug|Any CPU.Build.0 = Debug|Any CPU
		{9082D978-9446-40D9-87B5-B8C16B11D233}.Release|Any CPU.ActiveCfg = Release|Any CPU
		{9082D978-9446-40D9-87B5-B8C16B11D233}.Release|Any CPU.Build.0 = Release|Any CPU
	EndGlobalSection
	GlobalSection(SolutionProperties) = preSolution
		HideSolutionNode = FALSE
	EndGlobalSection
EndGlobal
